# generated by rye
# use `rye lock` or `rye sync` to update this lockfile
#
# last locked with the following flags:
#   pre: false
#   features: []
#   all-features: false
#   with-sources: false

-e file:.
greenlet==3.0.3
    # via pynvim
msgpack==1.0.8
    # via pynvim
neovim==0.3.1
    # via vim
pip==24.0
    # via vim
pynvim==0.5.0
    # via neovim
