version = 1
requires-python = ">=3.8"

[[package]]
name = "greenlet"
version = "3.0.3"
source = { registry = "https://pypi.org/simple" }
sdist = { url = "https://files.pythonhosted.org/packages/17/14/3bddb1298b9a6786539ac609ba4b7c9c0842e12aa73aaa4d8d73ec8f8185/greenlet-3.0.3.tar.gz", hash = "sha256:43374442353259554ce33599da8b692d5aa96f8976d567d4badf263371fbe491", size = 182013 }
wheels = [
    { url = "https://files.pythonhosted.org/packages/a6/64/bea53c592e3e45799f7c8039a8ee7d6883c518eafef1fcae60beb776070f/greenlet-3.0.3-cp310-cp310-macosx_11_0_universal2.whl", hash = "sha256:9da2bd29ed9e4f15955dd1595ad7bc9320308a3b766ef7f837e23ad4b4aac31a", size = 270098 },
    { url = "https://files.pythonhosted.org/packages/a6/d6/408ad9603339db28ce334021b1403dfcfbcb7501a435d49698408d928de7/greenlet-3.0.3-cp310-cp310-manylinux_2_17_aarch64.manylinux2014_aarch64.whl", hash = "sha256:d353cadd6083fdb056bb46ed07e4340b0869c305c8ca54ef9da3421acbdf6881", size = 651930 },
    { url = "https://files.pythonhosted.org/packages/6c/90/5b14670653f7363fb3e1665f8da6d64bd4c31d53a796d09ef69f48be7273/greenlet-3.0.3-cp310-cp310-manylinux_2_17_ppc64le.manylinux2014_ppc64le.whl", hash = "sha256:dca1e2f3ca00b84a396bc1bce13dd21f680f035314d2379c4160c98153b2059b", size = 667643 },
    { url = "https://files.pythonhosted.org/packages/ef/17/e8e72cabfb5a906c0d976d7fbcc88310df292beea0f816efbefdaf694284/greenlet-3.0.3-cp310-cp310-manylinux_2_17_s390x.manylinux2014_s390x.whl", hash = "sha256:3ed7fb269f15dc662787f4119ec300ad0702fa1b19d2135a37c2c4de6fadfd4a", size = 659188 },
    { url = "https://files.pythonhosted.org/packages/1c/2f/64628f6ae48e05f585e0eb3fb7399b52e240ef99f602107b445bf6be23ef/greenlet-3.0.3-cp310-cp310-manylinux_2_17_x86_64.manylinux2014_x86_64.whl", hash = "sha256:dd4f49ae60e10adbc94b45c0b5e6a179acc1736cf7a90160b404076ee283cf83", size = 662673 },
    { url = "https://files.pythonhosted.org/packages/24/35/945d5b10648fec9b20bcc6df8952d20bb3bba76413cd71c1fdbee98f5616/greenlet-3.0.3-cp310-cp310-manylinux_2_24_x86_64.manylinux_2_28_x86_64.whl", hash = "sha256:73a411ef564e0e097dbe7e866bb2dda0f027e072b04da387282b02c308807405", size = 616002 },
    { url = "https://files.pythonhosted.org/packages/74/00/27e2da76b926e9b5a2c97d3f4c0baf1b7d8181209d3026c0171f621ae6c0/greenlet-3.0.3-cp310-cp310-musllinux_1_1_aarch64.whl", hash = "sha256:7f362975f2d179f9e26928c5b517524e89dd48530a0202570d55ad6ca5d8a56f", size = 1150603 },
    { url = "https://files.pythonhosted.org/packages/e1/65/506e0a80931170b0dac1a03d36b7fc299f3fa3576235b916718602fff2c3/greenlet-3.0.3-cp310-cp310-musllinux_1_1_x86_64.whl", hash = "sha256:649dde7de1a5eceb258f9cb00bdf50e978c9db1b996964cd80703614c86495eb", size = 1176756 },
    { url = "https://files.pythonhosted.org/packages/a6/76/e1ee9f290bb0d46b09704c2fb0e609cae329eb308ad404c0ee6fa1ecb8a5/greenlet-3.0.3-cp310-cp310-win_amd64.whl", hash = "sha256:68834da854554926fbedd38c76e60c4a2e3198c6fbed520b106a8986445caaf9", size = 292349 },
    { url = "https://files.pythonhosted.org/packages/6e/20/68a278a6f93fa36e21cfc3d7599399a8a831225644eb3b6b18755cd3d6fc/greenlet-3.0.3-cp311-cp311-macosx_11_0_universal2.whl", hash = "sha256:b1b5667cced97081bf57b8fa1d6bfca67814b0afd38208d52538316e9422fc61", size = 271666 },
    { url = "https://files.pythonhosted.org/packages/21/b4/90e06e07c78513ab03855768200bdb35c8e764e805b3f14fb488e56f82dc/greenlet-3.0.3-cp311-cp311-manylinux_2_17_aarch64.manylinux2014_aarch64.whl", hash = "sha256:52f59dd9c96ad2fc0d5724107444f76eb20aaccb675bf825df6435acb7703559", size = 657689 },
    { url = "https://files.pythonhosted.org/packages/f6/a2/0ed21078039072f9dc738bbf3af12b103a84106b1385ac4723841f846ce7/greenlet-3.0.3-cp311-cp311-manylinux_2_17_ppc64le.manylinux2014_ppc64le.whl", hash = "sha256:afaff6cf5200befd5cec055b07d1c0a5a06c040fe5ad148abcd11ba6ab9b114e", size = 673009 },
    { url = "https://files.pythonhosted.org/packages/42/11/42ad6b1104c357826bbee7d7b9e4f24dbd9fde94899a03efb004aab62963/greenlet-3.0.3-cp311-cp311-manylinux_2_17_s390x.manylinux2014_s390x.whl", hash = "sha256:fe754d231288e1e64323cfad462fcee8f0288654c10bdf4f603a39ed923bef33", size = 667432 },
    { url = "https://files.pythonhosted.org/packages/bb/6b/384dee7e0121cbd1757bdc1824a5ee28e43d8d4e3f99aa59521f629442fe/greenlet-3.0.3-cp311-cp311-manylinux_2_17_x86_64.manylinux2014_x86_64.whl", hash = "sha256:2797aa5aedac23af156bbb5a6aa2cd3427ada2972c828244eb7d1b9255846379", size = 667442 },
    { url = "https://files.pythonhosted.org/packages/c6/1f/12d5a6cc26e8b483c2e7975f9c22e088ac735c0d8dcb8a8f72d31a4e5f04/greenlet-3.0.3-cp311-cp311-manylinux_2_24_x86_64.manylinux_2_28_x86_64.whl", hash = "sha256:b7f009caad047246ed379e1c4dbcb8b020f0a390667ea74d2387be2998f58a22", size = 620032 },
    { url = "https://files.pythonhosted.org/packages/c7/ec/85b647e59e0f137c7792a809156f413e38379cf7f3f2e1353c37f4be4026/greenlet-3.0.3-cp311-cp311-musllinux_1_1_aarch64.whl", hash = "sha256:c5e1536de2aad7bf62e27baf79225d0d64360d4168cf2e6becb91baf1ed074f3", size = 1154218 },
    { url = "https://files.pythonhosted.org/packages/94/ed/1e5f4bca691a81700e5a88e86d6f0e538acb10188cd2cc17140e523255ef/greenlet-3.0.3-cp311-cp311-musllinux_1_1_x86_64.whl", hash = "sha256:894393ce10ceac937e56ec00bb71c4c2f8209ad516e96033e4b3b1de270e200d", size = 1180754 },
    { url = "https://files.pythonhosted.org/packages/47/79/26d54d7d700ef65b689fc2665a40846d13e834da0486674a8d4f0f371a47/greenlet-3.0.3-cp311-cp311-win_amd64.whl", hash = "sha256:1ea188d4f49089fc6fb283845ab18a2518d279c7cd9da1065d7a84e991748728", size = 292822 },
    { url = "https://files.pythonhosted.org/packages/a2/2f/461615adc53ba81e99471303b15ac6b2a6daa8d2a0f7f77fd15605e16d5b/greenlet-3.0.3-cp312-cp312-macosx_11_0_universal2.whl", hash = "sha256:70fb482fdf2c707765ab5f0b6655e9cfcf3780d8d87355a063547b41177599be", size = 273085 },
    { url = "https://files.pythonhosted.org/packages/e9/55/2c3cfa3cdbb940cf7321fbcf544f0e9c74898eed43bf678abf416812d132/greenlet-3.0.3-cp312-cp312-manylinux_2_17_aarch64.manylinux2014_aarch64.whl", hash = "sha256:d4d1ac74f5c0c0524e4a24335350edad7e5f03b9532da7ea4d3c54d527784f2e", size = 660514 },
    { url = "https://files.pythonhosted.org/packages/38/77/efb21ab402651896c74f24a172eb4d7479f9f53898bd5e56b9e20bb24ffd/greenlet-3.0.3-cp312-cp312-manylinux_2_17_ppc64le.manylinux2014_ppc64le.whl", hash = "sha256:149e94a2dd82d19838fe4b2259f1b6b9957d5ba1b25640d2380bea9c5df37676", size = 674295 },
    { url = "https://files.pythonhosted.org/packages/74/3a/92f188ace0190f0066dca3636cf1b09481d0854c46e92ec5e29c7cefe5b1/greenlet-3.0.3-cp312-cp312-manylinux_2_17_s390x.manylinux2014_s390x.whl", hash = "sha256:15d79dd26056573940fcb8c7413d84118086f2ec1a8acdfa854631084393efcc", size = 669395 },
    { url = "https://files.pythonhosted.org/packages/63/0f/847ed02cdfce10f0e6e3425cd054296bddb11a17ef1b34681fa01a055187/greenlet-3.0.3-cp312-cp312-manylinux_2_17_x86_64.manylinux2014_x86_64.whl", hash = "sha256:881b7db1ebff4ba09aaaeae6aa491daeb226c8150fc20e836ad00041bcb11230", size = 670455 },
    { url = "https://files.pythonhosted.org/packages/bd/37/56b0da468a85e7704f3b2bc045015301bdf4be2184a44868c71f6dca6fe2/greenlet-3.0.3-cp312-cp312-manylinux_2_24_x86_64.manylinux_2_28_x86_64.whl", hash = "sha256:fcd2469d6a2cf298f198f0487e0a5b1a47a42ca0fa4dfd1b6862c999f018ebbf", size = 625692 },
    { url = "https://files.pythonhosted.org/packages/7c/68/b5f4084c0a252d7e9c0d95fc1cfc845d08622037adb74e05be3a49831186/greenlet-3.0.3-cp312-cp312-musllinux_1_1_aarch64.whl", hash = "sha256:1f672519db1796ca0d8753f9e78ec02355e862d0998193038c7073045899f305", size = 1152597 },
    { url = "https://files.pythonhosted.org/packages/a4/fa/31e22345518adcd69d1d6ab5087a12c178aa7f3c51103f6d5d702199d243/greenlet-3.0.3-cp312-cp312-musllinux_1_1_x86_64.whl", hash = "sha256:2516a9957eed41dd8f1ec0c604f1cdc86758b587d964668b5b196a9db5bfcde6", size = 1181043 },
    { url = "https://files.pythonhosted.org/packages/53/80/3d94d5999b4179d91bcc93745d1b0815b073d61be79dd546b840d17adb18/greenlet-3.0.3-cp312-cp312-win_amd64.whl", hash = "sha256:bba5387a6975598857d86de9eac14210a49d554a77eb8261cc68b7d082f78ce2", size = 293635 },
    { url = "https://files.pythonhosted.org/packages/3d/4a/c9590b31bfefe089d8fae72201c77761a63c1685c7f511a692a267d7f25e/greenlet-3.0.3-cp38-cp38-macosx_11_0_universal2.whl", hash = "sha256:1996cb9306c8595335bb157d133daf5cf9f693ef413e7673cb07e3e5871379ca", size = 269595 },
    { url = "https://files.pythonhosted.org/packages/e8/47/0fd13f50da7e43e313cce276c9ec9b5f862a8fedacdc30e7ca2a43ee7fd7/greenlet-3.0.3-cp38-cp38-manylinux_2_17_aarch64.manylinux2014_aarch64.whl", hash = "sha256:3ddc0f794e6ad661e321caa8d2f0a55ce01213c74722587256fb6566049a8b04", size = 658466 },
    { url = "https://files.pythonhosted.org/packages/d9/84/3d9f0255ae3681010d9eee9f4d1bd4790e41c87dcbdad5cbf893605039b5/greenlet-3.0.3-cp38-cp38-manylinux_2_17_ppc64le.manylinux2014_ppc64le.whl", hash = "sha256:c9db1c18f0eaad2f804728c67d6c610778456e3e1cc4ab4bbd5eeb8e6053c6fc", size = 672870 },
    { url = "https://files.pythonhosted.org/packages/fe/1f/b5cd033b55f347008235244626bb1ee2854adf9c3cb97ff406d98d6e1ea3/greenlet-3.0.3-cp38-cp38-manylinux_2_17_s390x.manylinux2014_s390x.whl", hash = "sha256:7170375bcc99f1a2fbd9c306f5be8764eaf3ac6b5cb968862cad4c7057756506", size = 665992 },
    { url = "https://files.pythonhosted.org/packages/8a/74/498377804f8ebfb1efdfbe33e93cf3b29d77e207e9496f0c10912d5055b4/greenlet-3.0.3-cp38-cp38-manylinux_2_17_x86_64.manylinux2014_x86_64.whl", hash = "sha256:6b66c9c1e7ccabad3a7d037b2bcb740122a7b17a53734b7d72a344ce39882a1b", size = 667375 },
    { url = "https://files.pythonhosted.org/packages/13/af/8db0d63147c6362447eb49da60573b41aee5cf5864fe1e27bdbaf7060bd2/greenlet-3.0.3-cp38-cp38-manylinux_2_24_x86_64.manylinux_2_28_x86_64.whl", hash = "sha256:098d86f528c855ead3479afe84b49242e174ed262456c342d70fc7f972bc13c4", size = 622278 },
    { url = "https://files.pythonhosted.org/packages/74/9f/71df0154a13d77e92451891a087a4c5783375964132290fca70c7e80e5d4/greenlet-3.0.3-cp38-cp38-musllinux_1_1_aarch64.whl", hash = "sha256:81bb9c6d52e8321f09c3d165b2a78c680506d9af285bfccbad9fb7ad5a5da3e5", size = 1157754 },
    { url = "https://files.pythonhosted.org/packages/ff/76/0893f4fe7b841660a5d75116c7d755c58652a4e9e12f6a72984eaa396881/greenlet-3.0.3-cp38-cp38-musllinux_1_1_x86_64.whl", hash = "sha256:fd096eb7ffef17c456cfa587523c5f92321ae02427ff955bebe9e3c63bc9f0da", size = 1184819 },
    { url = "https://files.pythonhosted.org/packages/8d/73/9e934f07505ed8e1fed5cfcd99cc7db03fe8eb645dbb24e4ba97af41bc3c/greenlet-3.0.3-cp38-cp38-win32.whl", hash = "sha256:d46677c85c5ba00a9cb6f7a00b2bfa6f812192d2c9f7d9c4f6a55b60216712f3", size = 344285 },
    { url = "https://files.pythonhosted.org/packages/1c/fa/bd5ee0772c7bbcb99bbacdb5608895052349b0ab9f20962c0c81bf6bd41d/greenlet-3.0.3-cp38-cp38-win_amd64.whl", hash = "sha256:419b386f84949bf0e7c73e6032e3457b82a787c1ab4a0e43732898a761cc9dbf", size = 290796 },
    { url = "https://files.pythonhosted.org/packages/0b/8a/f5140c8713f919af0e98e6aaa40cb20edaaf3739d18c4a077581e2422ac4/greenlet-3.0.3-cp39-cp39-macosx_11_0_universal2.whl", hash = "sha256:da70d4d51c8b306bb7a031d5cff6cc25ad253affe89b70352af5f1cb68e74b53", size = 269242 },
    { url = "https://files.pythonhosted.org/packages/cf/5b/2de4a398840d3b4d99c4a3476cda0d82badfa349f3f89846ada2e32e9500/greenlet-3.0.3-cp39-cp39-manylinux_2_17_aarch64.manylinux2014_aarch64.whl", hash = "sha256:086152f8fbc5955df88382e8a75984e2bb1c892ad2e3c80a2508954e52295257", size = 650174 },
    { url = "https://files.pythonhosted.org/packages/dc/c3/06ca5f34b01af6d6e2fd2f97c0ad3673123a442bf4a3add548d374b1cc7c/greenlet-3.0.3-cp39-cp39-manylinux_2_17_ppc64le.manylinux2014_ppc64le.whl", hash = "sha256:d73a9fe764d77f87f8ec26a0c85144d6a951a6c438dfe50487df5595c6373eac", size = 666285 },
    { url = "https://files.pythonhosted.org/packages/a2/92/f11dbbcf33809421447b24d2eefee0575c59c8569d6d03f7ca4d2b34d56f/greenlet-3.0.3-cp39-cp39-manylinux_2_17_s390x.manylinux2014_s390x.whl", hash = "sha256:b7dcbe92cc99f08c8dd11f930de4d99ef756c3591a5377d1d9cd7dd5e896da71", size = 658521 },
    { url = "https://files.pythonhosted.org/packages/9d/ea/8bc7ed08ba274bdaff08f2cb546d832b8f44af267e03ca6e449840486915/greenlet-3.0.3-cp39-cp39-manylinux_2_17_x86_64.manylinux2014_x86_64.whl", hash = "sha256:1551a8195c0d4a68fac7a4325efac0d541b48def35feb49d803674ac32582f61", size = 660753 },
    { url = "https://files.pythonhosted.org/packages/af/05/b7e068070a6c143f34dfcd7e9144684271b8067e310f6da68269580db1d8/greenlet-3.0.3-cp39-cp39-manylinux_2_24_x86_64.manylinux_2_28_x86_64.whl", hash = "sha256:64d7675ad83578e3fc149b617a444fab8efdafc9385471f868eb5ff83e446b8b", size = 614348 },
    { url = "https://files.pythonhosted.org/packages/74/82/9737e7dee4ccb9e1be2a8f17cf760458be2c36c6ff7bbaef55cbe279e729/greenlet-3.0.3-cp39-cp39-musllinux_1_1_aarch64.whl", hash = "sha256:b37eef18ea55f2ffd8f00ff8fe7c8d3818abd3e25fb73fae2ca3b672e333a7a6", size = 1149569 },
    { url = "https://files.pythonhosted.org/packages/54/4b/965a542baf157f23912e466b50fa9c49dd66132d9495d201e6c607ea16f2/greenlet-3.0.3-cp39-cp39-musllinux_1_1_x86_64.whl", hash = "sha256:77457465d89b8263bca14759d7c1684df840b6811b2499838cc5b040a8b5b113", size = 1176361 },
    { url = "https://files.pythonhosted.org/packages/20/70/2f99bdcb4e3912d844dee279e077ee670ec43161d96670a9dfad16b89dd1/greenlet-3.0.3-cp39-cp39-win32.whl", hash = "sha256:57e8974f23e47dac22b83436bdcf23080ade568ce77df33159e019d161ce1d1e", size = 272960 },
    { url = "https://files.pythonhosted.org/packages/c3/80/01ff837bc7122d049971960123d749ed16adbd43cbc008afdb780a40e3fa/greenlet-3.0.3-cp39-cp39-win_amd64.whl", hash = "sha256:c5ee858cfe08f34712f548c3c363e807e7186f03ad7a5039ebadb29e8c6be067", size = 290843 },
]

[[package]]
name = "msgpack"
version = "1.0.8"
source = { registry = "https://pypi.org/simple" }
sdist = { url = "https://files.pythonhosted.org/packages/08/4c/17adf86a8fbb02c144c7569dc4919483c01a2ac270307e2d59e1ce394087/msgpack-1.0.8.tar.gz", hash = "sha256:95c02b0e27e706e48d0e5426d1710ca78e0f0628d6e89d5b5a5b91a5f12274f3", size = 167014 }
wheels = [
    { url = "https://files.pythonhosted.org/packages/b3/c2/8ecbafd6d3178ad408989c82d6d518fec76e053bae20c0fd9f47bffe7dda/msgpack-1.0.8-cp310-cp310-macosx_10_9_universal2.whl", hash = "sha256:505fe3d03856ac7d215dbe005414bc28505d26f0c128906037e66d98c4e95868", size = 157691 },
    { url = "https://files.pythonhosted.org/packages/0d/7e/93373ffbe6561e719996a90b6d112604f52da3ab46e7c395db7607458553/msgpack-1.0.8-cp310-cp310-macosx_10_9_x86_64.whl", hash = "sha256:e6b7842518a63a9f17107eb176320960ec095a8ee3b4420b5f688e24bf50c53c", size = 87954 },
    { url = "https://files.pythonhosted.org/packages/ba/13/d000e53b067aee19d57a4f26d5bffed7890e6896538ac5f97605b0f64985/msgpack-1.0.8-cp310-cp310-macosx_11_0_arm64.whl", hash = "sha256:376081f471a2ef24828b83a641a02c575d6103a3ad7fd7dade5486cad10ea659", size = 84945 },
    { url = "https://files.pythonhosted.org/packages/2b/6e/3dcd4f7d8b978277393fd5b7c0abd9d2b6ef7ba8eb12834bed59158ecf5f/msgpack-1.0.8-cp310-cp310-manylinux_2_17_aarch64.manylinux2014_aarch64.whl", hash = "sha256:5e390971d082dba073c05dbd56322427d3280b7cc8b53484c9377adfbae67dc2", size = 376004 },
    { url = "https://files.pythonhosted.org/packages/d9/96/a1868dd8997d65732476dfc70fef44d046c1b4dbe36ec1481ab744d87775/msgpack-1.0.8-cp310-cp310-manylinux_2_17_x86_64.manylinux2014_x86_64.whl", hash = "sha256:00e073efcba9ea99db5acef3959efa45b52bc67b61b00823d2a1a6944bf45982", size = 385107 },
    { url = "https://files.pythonhosted.org/packages/9b/db/8d629233bba3cbe6d7a6e0fd018ed684c5f0befea4428d4217ce066d2f20/msgpack-1.0.8-cp310-cp310-manylinux_2_5_i686.manylinux1_i686.manylinux_2_17_i686.manylinux2014_i686.whl", hash = "sha256:82d92c773fbc6942a7a8b520d22c11cfc8fd83bba86116bfcf962c2f5c2ecdaa", size = 374290 },
    { url = "https://files.pythonhosted.org/packages/f0/75/553cc9ddfe59c62654dd398c16cd8ab1b3eeb145e56805f52115cbe9f5a0/msgpack-1.0.8-cp310-cp310-musllinux_1_1_aarch64.whl", hash = "sha256:9ee32dcb8e531adae1f1ca568822e9b3a738369b3b686d1477cbc643c4a9c128", size = 380759 },
    { url = "https://files.pythonhosted.org/packages/7c/40/c6f31cef899b54e3f6a759204d0b152c9205aef7219c9d2279f608c421eb/msgpack-1.0.8-cp310-cp310-musllinux_1_1_i686.whl", hash = "sha256:e3aa7e51d738e0ec0afbed661261513b38b3014754c9459508399baf14ae0c9d", size = 413943 },
    { url = "https://files.pythonhosted.org/packages/b0/a8/29426f7af85406116e1cdbd21d8f02e30ef8f4afe3cfcbb43c498cbadadf/msgpack-1.0.8-cp310-cp310-musllinux_1_1_x86_64.whl", hash = "sha256:69284049d07fce531c17404fcba2bb1df472bc2dcdac642ae71a2d079d950653", size = 385405 },
    { url = "https://files.pythonhosted.org/packages/98/b4/a32559cd8604402f55560ab7e5ebf20a92b533f376d693bb67a9c0aff41e/msgpack-1.0.8-cp310-cp310-win32.whl", hash = "sha256:13577ec9e247f8741c84d06b9ece5f654920d8365a4b636ce0e44f15e07ec693", size = 69043 },
    { url = "https://files.pythonhosted.org/packages/21/47/b7217d54e15dbae5492b845364427fa3cb1b0ccb58160b04ba47b551d7d9/msgpack-1.0.8-cp310-cp310-win_amd64.whl", hash = "sha256:e532dbd6ddfe13946de050d7474e3f5fb6ec774fbb1a188aaf469b08cf04189a", size = 75106 },
    { url = "https://files.pythonhosted.org/packages/3e/0e/96477b0448c593cc5c679e855c7bb58bb6543a065760e67cad0c3f90deb1/msgpack-1.0.8-cp311-cp311-macosx_10_9_universal2.whl", hash = "sha256:9517004e21664f2b5a5fd6333b0731b9cf0817403a941b393d89a2f1dc2bd836", size = 157669 },
    { url = "https://files.pythonhosted.org/packages/46/ca/96051d40050cd17bf054996662dbf8900da9995fa0a3308f2597a47bedad/msgpack-1.0.8-cp311-cp311-macosx_10_9_x86_64.whl", hash = "sha256:d16a786905034e7e34098634b184a7d81f91d4c3d246edc6bd7aefb2fd8ea6ad", size = 87994 },
    { url = "https://files.pythonhosted.org/packages/17/29/7f3f30dd40bf1c2599350099645d3664b3aadb803583cbfce57a28047c4d/msgpack-1.0.8-cp311-cp311-macosx_11_0_arm64.whl", hash = "sha256:e2872993e209f7ed04d963e4b4fbae72d034844ec66bc4ca403329db2074377b", size = 84887 },
    { url = "https://files.pythonhosted.org/packages/1a/01/01a88f7971c68037dab4be2737b50e00557bbdaf179ab988803c736043ed/msgpack-1.0.8-cp311-cp311-manylinux_2_17_aarch64.manylinux2014_aarch64.whl", hash = "sha256:5c330eace3dd100bdb54b5653b966de7f51c26ec4a7d4e87132d9b4f738220ba", size = 400836 },
    { url = "https://files.pythonhosted.org/packages/f6/f0/a7bdb48223cd21b9abed814b08fca8fe6a40931e70ec97c24d2f15d68ef3/msgpack-1.0.8-cp311-cp311-manylinux_2_17_x86_64.manylinux2014_x86_64.whl", hash = "sha256:83b5c044f3eff2a6534768ccfd50425939e7a8b5cf9a7261c385de1e20dcfc85", size = 409267 },
    { url = "https://files.pythonhosted.org/packages/f5/9a/88388f7960930a7dc0bbcde3d1db1bd543c9645483f3172c64853f4cab67/msgpack-1.0.8-cp311-cp311-manylinux_2_5_i686.manylinux1_i686.manylinux_2_17_i686.manylinux2014_i686.whl", hash = "sha256:1876b0b653a808fcd50123b953af170c535027bf1d053b59790eebb0aeb38950", size = 397264 },
    { url = "https://files.pythonhosted.org/packages/43/7c/82b729d105dae9f8be500228fdd8cfc1f918a18e285afcbf6d6915146037/msgpack-1.0.8-cp311-cp311-musllinux_1_1_aarch64.whl", hash = "sha256:dfe1f0f0ed5785c187144c46a292b8c34c1295c01da12e10ccddfc16def4448a", size = 404763 },
    { url = "https://files.pythonhosted.org/packages/e0/3f/978df03be94c2198be22df5d6e31b69ef7a9759c6cc0cce4ed1d08e2b27b/msgpack-1.0.8-cp311-cp311-musllinux_1_1_i686.whl", hash = "sha256:3528807cbbb7f315bb81959d5961855e7ba52aa60a3097151cb21956fbc7502b", size = 434775 },
    { url = "https://files.pythonhosted.org/packages/dd/06/adb6c8cdea18f9ba09b7dc1442b50ce222858ae4a85703420349784429d0/msgpack-1.0.8-cp311-cp311-musllinux_1_1_x86_64.whl", hash = "sha256:e2f879ab92ce502a1e65fce390eab619774dda6a6ff719718069ac94084098ce", size = 409109 },
    { url = "https://files.pythonhosted.org/packages/c6/d6/46eec1866b1ff58001a4be192ec43675620392de078fd4baf394f7d03552/msgpack-1.0.8-cp311-cp311-win32.whl", hash = "sha256:26ee97a8261e6e35885c2ecd2fd4a6d38252246f94a2aec23665a4e66d066305", size = 68779 },
    { url = "https://files.pythonhosted.org/packages/33/e9/f450b8e1243704c0ab656dcd37f6146881d11bbb68588132d8ae673c455b/msgpack-1.0.8-cp311-cp311-win_amd64.whl", hash = "sha256:eadb9f826c138e6cf3c49d6f8de88225a3c0ab181a9b4ba792e006e5292d150e", size = 75180 },
    { url = "https://files.pythonhosted.org/packages/97/73/757eeca26527ebac31d86d35bf4ba20155ee14d35c8619dd96bc80a037f3/msgpack-1.0.8-cp312-cp312-macosx_10_9_universal2.whl", hash = "sha256:114be227f5213ef8b215c22dde19532f5da9652e56e8ce969bf0a26d7c419fee", size = 158948 },
    { url = "https://files.pythonhosted.org/packages/11/df/558899a5f90d450e988484be25be0b49c6930858d6fe44ea6f1f66502fe5/msgpack-1.0.8-cp312-cp312-macosx_10_9_x86_64.whl", hash = "sha256:d661dc4785affa9d0edfdd1e59ec056a58b3dbb9f196fa43587f3ddac654ac7b", size = 88696 },
    { url = "https://files.pythonhosted.org/packages/99/3e/49d430df1e9abf06bb91e9824422cd6ceead2114662417286da3ddcdd295/msgpack-1.0.8-cp312-cp312-macosx_11_0_arm64.whl", hash = "sha256:d56fd9f1f1cdc8227d7b7918f55091349741904d9520c65f0139a9755952c9e8", size = 85428 },
    { url = "https://files.pythonhosted.org/packages/54/f7/84828d0c6be6b7f0770777f1a7b1f76f3a78e8b6afb5e4e9c1c9350242be/msgpack-1.0.8-cp312-cp312-manylinux_2_17_aarch64.manylinux2014_aarch64.whl", hash = "sha256:0726c282d188e204281ebd8de31724b7d749adebc086873a59efb8cf7ae27df3", size = 396116 },
    { url = "https://files.pythonhosted.org/packages/04/2a/c833a8503be9030083f0469e7a3c74d3622a3b4eae676c3934d3ccc01036/msgpack-1.0.8-cp312-cp312-manylinux_2_17_x86_64.manylinux2014_x86_64.whl", hash = "sha256:8db8e423192303ed77cff4dce3a4b88dbfaf43979d280181558af5e2c3c71afc", size = 408331 },
    { url = "https://files.pythonhosted.org/packages/04/50/b988d0a8e8835f705e4bbcb6433845ff11dd50083c0aa43e607bb7b2ff96/msgpack-1.0.8-cp312-cp312-manylinux_2_5_i686.manylinux1_i686.manylinux_2_17_i686.manylinux2014_i686.whl", hash = "sha256:99881222f4a8c2f641f25703963a5cefb076adffd959e0558dc9f803a52d6a58", size = 394182 },
    { url = "https://files.pythonhosted.org/packages/98/e1/0d18496cbeef771db605b6a14794f9b4235d371f36b43f7223c1613969ec/msgpack-1.0.8-cp312-cp312-musllinux_1_1_aarch64.whl", hash = "sha256:b5505774ea2a73a86ea176e8a9a4a7c8bf5d521050f0f6f8426afe798689243f", size = 401226 },
    { url = "https://files.pythonhosted.org/packages/03/79/ae000bde2aee4b9f0d50c1ca1ab301ade873b59dd6968c28f918d1cf8be4/msgpack-1.0.8-cp312-cp312-musllinux_1_1_i686.whl", hash = "sha256:ef254a06bcea461e65ff0373d8a0dd1ed3aa004af48839f002a0c994a6f72d04", size = 432994 },
    { url = "https://files.pythonhosted.org/packages/cb/46/f97bedf3ab16d38eeea0aafa3ad93cc7b9adf898218961faaea9c3c639f1/msgpack-1.0.8-cp312-cp312-musllinux_1_1_x86_64.whl", hash = "sha256:e1dd7839443592d00e96db831eddb4111a2a81a46b028f0facd60a09ebbdd543", size = 410432 },
    { url = "https://files.pythonhosted.org/packages/8f/59/db5b61c74341b6fdf2c8a5743bb242c395d728666cf3105ff17290eb421a/msgpack-1.0.8-cp312-cp312-win32.whl", hash = "sha256:64d0fcd436c5683fdd7c907eeae5e2cbb5eb872fafbc03a43609d7941840995c", size = 69255 },
    { url = "https://files.pythonhosted.org/packages/72/5c/5facaa9b5d1b3ead831697daacf37d485af312bbe483ac6ecf43a3dd777f/msgpack-1.0.8-cp312-cp312-win_amd64.whl", hash = "sha256:74398a4cf19de42e1498368c36eed45d9528f5fd0155241e82c4082b7e16cffd", size = 75348 },
    { url = "https://files.pythonhosted.org/packages/a9/30/815bbd025ede86f9ac5b04d9f96480386227e35a6d438cbb95e02a31dc9e/msgpack-1.0.8-cp38-cp38-macosx_10_9_universal2.whl", hash = "sha256:0ceea77719d45c839fd73abcb190b8390412a890df2f83fb8cf49b2a4b5c2f40", size = 155509 },
    { url = "https://files.pythonhosted.org/packages/ec/21/8fb3fb9693413afc9bc0c3b796e17f9d6e7e77e9c88d34e19fd433c5486c/msgpack-1.0.8-cp38-cp38-macosx_10_9_x86_64.whl", hash = "sha256:1ab0bbcd4d1f7b6991ee7c753655b481c50084294218de69365f8f1970d4c151", size = 87012 },
    { url = "https://files.pythonhosted.org/packages/50/ee/b749822f36f448b7edb5e6081cdba529fc0ef9e442d5632a05602f7a8274/msgpack-1.0.8-cp38-cp38-macosx_11_0_arm64.whl", hash = "sha256:1cce488457370ffd1f953846f82323cb6b2ad2190987cd4d70b2713e17268d24", size = 83843 },
    { url = "https://files.pythonhosted.org/packages/8f/aa/e637d1212560c905b97ddd1dbe1cb35b320cd15c6200f5d29acea571c708/msgpack-1.0.8-cp38-cp38-manylinux_2_17_aarch64.manylinux2014_aarch64.whl", hash = "sha256:3923a1778f7e5ef31865893fdca12a8d7dc03a44b33e2a5f3295416314c09f5d", size = 380994 },
    { url = "https://files.pythonhosted.org/packages/d6/9b/108d7447e612fcdb3a7ed957e59b912a8d2fc4cab7198cad976b30be94a9/msgpack-1.0.8-cp38-cp38-manylinux_2_17_x86_64.manylinux2014_x86_64.whl", hash = "sha256:a22e47578b30a3e199ab067a4d43d790249b3c0587d9a771921f86250c8435db", size = 390468 },
    { url = "https://files.pythonhosted.org/packages/27/87/e303ebcfb1b14d4ed272b3aa54228d8d5b5caa3cea7b6ff6843a76d5affd/msgpack-1.0.8-cp38-cp38-manylinux_2_5_i686.manylinux1_i686.manylinux_2_17_i686.manylinux2014_i686.whl", hash = "sha256:bd739c9251d01e0279ce729e37b39d49a08c0420d3fee7f2a4968c0576678f77", size = 380079 },
    { url = "https://files.pythonhosted.org/packages/56/33/465f6feaca727ccc898e2a73e27af942febe9c8cfc726972bcf70ab059e2/msgpack-1.0.8-cp38-cp38-musllinux_1_1_aarch64.whl", hash = "sha256:d3420522057ebab1728b21ad473aa950026d07cb09da41103f8e597dfbfaeb13", size = 391202 },
    { url = "https://files.pythonhosted.org/packages/60/8c/6f32030ad034212deb6b679280d908c49fc8aac3dd604c33c9ad0ccb97a7/msgpack-1.0.8-cp38-cp38-musllinux_1_1_i686.whl", hash = "sha256:5845fdf5e5d5b78a49b826fcdc0eb2e2aa7191980e3d2cfd2a30303a74f212e2", size = 425004 },
    { url = "https://files.pythonhosted.org/packages/79/d2/e0a6583f4f8cc7c2768ae3fec386eb0ca19cdbea296eb6d1201f275a638a/msgpack-1.0.8-cp38-cp38-musllinux_1_1_x86_64.whl", hash = "sha256:6a0e76621f6e1f908ae52860bdcb58e1ca85231a9b0545e64509c931dd34275a", size = 396394 },
    { url = "https://files.pythonhosted.org/packages/73/fb/f10346acbe8950b20bb5de22a3630090aee6771f4c3ca502003747d0090b/msgpack-1.0.8-cp38-cp38-win32.whl", hash = "sha256:374a8e88ddab84b9ada695d255679fb99c53513c0a51778796fcf0944d6c789c", size = 69217 },
    { url = "https://files.pythonhosted.org/packages/39/fb/57d60f7423da9a25aa910fe498cfe095ca1d006777a1737928d01897ce70/msgpack-1.0.8-cp38-cp38-win_amd64.whl", hash = "sha256:f3709997b228685fe53e8c433e2df9f0cdb5f4542bd5114ed17ac3c0129b0480", size = 75332 },
    { url = "https://files.pythonhosted.org/packages/76/2f/a06b5ca0ba80aeb5f0b50449fb57a55c2c70bc495f2569442c743ed8478d/msgpack-1.0.8-cp39-cp39-macosx_10_9_universal2.whl", hash = "sha256:f51bab98d52739c50c56658cc303f190785f9a2cd97b823357e7aeae54c8f68a", size = 157945 },
    { url = "https://files.pythonhosted.org/packages/7a/c7/c95fe31dd0d7bf49fd3590df8e0089a8b9b18222909439d68dcc7973fd13/msgpack-1.0.8-cp39-cp39-macosx_10_9_x86_64.whl", hash = "sha256:73ee792784d48aa338bba28063e19a27e8d989344f34aad14ea6e1b9bd83f596", size = 88030 },
    { url = "https://files.pythonhosted.org/packages/42/fa/9379d11dd1b83570b2e9dc0d7c7e45aec2fb99d80540170f82d79f83132a/msgpack-1.0.8-cp39-cp39-macosx_11_0_arm64.whl", hash = "sha256:f9904e24646570539a8950400602d66d2b2c492b9010ea7e965025cb71d0c86d", size = 85101 },
    { url = "https://files.pythonhosted.org/packages/ad/61/225d64e983e51f960cac41fd1084188764fcc7430e75f609ad9d86e47839/msgpack-1.0.8-cp39-cp39-manylinux_2_17_aarch64.manylinux2014_aarch64.whl", hash = "sha256:e75753aeda0ddc4c28dce4c32ba2f6ec30b1b02f6c0b14e547841ba5b24f753f", size = 375971 },
    { url = "https://files.pythonhosted.org/packages/09/b1/d80b0a71ac05655f73146492601e91b1dbb7eb0d95d8261bec1c981e8a36/msgpack-1.0.8-cp39-cp39-manylinux_2_17_x86_64.manylinux2014_x86_64.whl", hash = "sha256:5dbf059fb4b7c240c873c1245ee112505be27497e90f7c6591261c7d3c3a8228", size = 385062 },
    { url = "https://files.pythonhosted.org/packages/20/40/4eb8e9dc0e949bf22e5bcd74d16996ad61eb87220a1d719d6badd169be1a/msgpack-1.0.8-cp39-cp39-manylinux_2_5_i686.manylinux1_i686.manylinux_2_17_i686.manylinux2014_i686.whl", hash = "sha256:4916727e31c28be8beaf11cf117d6f6f188dcc36daae4e851fee88646f5b6b18", size = 373871 },
    { url = "https://files.pythonhosted.org/packages/39/e2/cac717fd842a6d0d321b2f34add877033aede4f2e6321d93799ab68c6aea/msgpack-1.0.8-cp39-cp39-musllinux_1_1_aarch64.whl", hash = "sha256:7938111ed1358f536daf311be244f34df7bf3cdedb3ed883787aca97778b28d8", size = 379532 },
    { url = "https://files.pythonhosted.org/packages/56/7a/2a9b40ca2d9ff8f9b5628b15b820676d830b006cff6ca6b3bdffbafd2142/msgpack-1.0.8-cp39-cp39-musllinux_1_1_i686.whl", hash = "sha256:493c5c5e44b06d6c9268ce21b302c9ca055c1fd3484c25ba41d34476c76ee746", size = 413708 },
    { url = "https://files.pythonhosted.org/packages/ff/21/1b3545b88fe47526925b37217729036df4088340cad6e665609cb36ba84e/msgpack-1.0.8-cp39-cp39-musllinux_1_1_x86_64.whl", hash = "sha256:5fbb160554e319f7b22ecf530a80a3ff496d38e8e07ae763b9e82fadfe96f273", size = 383553 },
    { url = "https://files.pythonhosted.org/packages/aa/ef/bde2160092b87c76e3733b94bb4fba5fbd7937173a9d4a4bf0f78c246cc2/msgpack-1.0.8-cp39-cp39-win32.whl", hash = "sha256:f9af38a89b6a5c04b7d18c492c8ccf2aee7048aff1ce8437c4683bb5a1df893d", size = 69215 },
    { url = "https://files.pythonhosted.org/packages/c8/03/5ded16a0da44662b131af259fb2f95cd9b11a5850e57d290a5341b16d9ca/msgpack-1.0.8-cp39-cp39-win_amd64.whl", hash = "sha256:ed59dd52075f8fc91da6053b12e8c89e37aa043f8986efd89e61fae69dc1b011", size = 75081 },
]

[[package]]
name = "neovim"
version = "0.3.1"
source = { registry = "https://pypi.org/simple" }
dependencies = [
    { name = "pynvim" },
]
sdist = { url = "https://files.pythonhosted.org/packages/78/ec/ac9905ccab8774b64c37cdff9e08db320c349eda0ae3161aebcac83e5590/neovim-0.3.1.tar.gz", hash = "sha256:a6a0e7a5b4433bf4e6ddcbc5c5ff44170be7d84259d002b8e8d8fb4ee78af60f", size = 804 }

[[package]]
name = "pip"
version = "24.2"
source = { registry = "https://pypi.org/simple" }
sdist = { url = "https://files.pythonhosted.org/packages/4d/87/fb90046e096a03aeab235e139436b3fe804cdd447ed2093b0d70eba3f7f8/pip-24.2.tar.gz", hash = "sha256:5b5e490b5e9cb275c879595064adce9ebd31b854e3e803740b72f9ccf34a45b8", size = 1922041 }
wheels = [
    { url = "https://files.pythonhosted.org/packages/d4/55/90db48d85f7689ec6f81c0db0622d704306c5284850383c090e6c7195a5c/pip-24.2-py3-none-any.whl", hash = "sha256:2cd581cf58ab7fcfca4ce8efa6dcacd0de5bf8d0a3eb9ec927e07405f4d9e2a2", size = 1815170 },
]

[[package]]
name = "pynvim"
version = "0.5.0"
source = { registry = "https://pypi.org/simple" }
dependencies = [
    { name = "greenlet" },
    { name = "msgpack" },
]
sdist = { url = "https://files.pythonhosted.org/packages/ce/17/259ab6acfb3fc85e209a649b0de1800c50f875bb946ac9df050827da8970/pynvim-0.5.0.tar.gz", hash = "sha256:e80a11f6f5d194c6a47bea4135b90b55faca24da3544da7cf4a5f7ba8fb09215", size = 47584 }
wheels = [
    { url = "https://files.pythonhosted.org/packages/8e/40/ee2ec24f1b5ca528f4a87b09c55346c4b67014ad11c1f60ee6b3878b3222/pynvim-0.5.0-py2.py3-none-any.whl", hash = "sha256:2ac197ef0cdfff53719184a45c33cfb7cef88d1c9bf7f0525c21b3239cb5365f", size = 45343 },
]

[[package]]
name = "vim"
version = "0.1.0"
source = { editable = "." }
dependencies = [
    { name = "neovim" },
    { name = "pip" },
]

[package.metadata]
requires-dist = [
    { name = "neovim", specifier = ">=0.3.1" },
    { name = "pip", specifier = ">=24.0" },
]
