version = 1
revision = 3
requires-python = "==3.12.*"

[[package]]
name = "greenlet"
version = "3.5.0"
source = { registry = "https://pypi.org/simple" }
sdist = { url = "https://files.pythonhosted.org/packages/3c/3f/dbf99fb14bfeb88c28f16729215478c0e265cacd6dc22270c8f31bb6892f/greenlet-3.5.0.tar.gz", hash = "sha256:d419647372241bc68e957bf38d5c1f98852155e4146bd1e4121adea81f4f01e4", size = 196995, upload-time = "2026-04-27T13:37:15.544Z" }
wheels = [
    { url = "https://files.pythonhosted.org/packages/ef/32/f2ce6d4cac3e55bc6173f92dbe627e782e1850f89d986c3606feb63aafa7/greenlet-3.5.0-cp312-cp312-macosx_11_0_universal2.whl", hash = "sha256:db2910d3c809444e0a20147361f343fe2798e106af8d9d8506f5305302655a9f", size = 286228, upload-time = "2026-04-27T12:20:34.421Z" },
    { url = "https://files.pythonhosted.org/packages/b7/aa/caed9e5adf742315fc7be2a84196373aab4816e540e38ba0d76cb7584d68/greenlet-3.5.0-cp312-cp312-manylinux_2_24_aarch64.manylinux_2_28_aarch64.whl", hash = "sha256:3ec9ea74e7268ace7f9aab1b1a4e730193fc661b39a993cd91c606c32d4a3628", size = 601775, upload-time = "2026-04-27T12:52:41.045Z" },
    { url = "https://files.pythonhosted.org/packages/c7/af/90ae08497400a941595d12774447f752d3dfe0fbb012e35b76bc5c0ff37e/greenlet-3.5.0-cp312-cp312-manylinux_2_24_ppc64le.manylinux_2_28_ppc64le.whl", hash = "sha256:54d243512da35485fc7a6bf3c178fdda6327a9d6506fcdd62b1abd1e41b2927b", size = 614436, upload-time = "2026-04-27T12:59:41.595Z" },
    { url = "https://files.pythonhosted.org/packages/3f/e9/4eeadf8cb3403ac274245ba75f07844abc7fa5f6787583fc9156ba741e0f/greenlet-3.5.0-cp312-cp312-manylinux_2_24_s390x.manylinux_2_28_s390x.whl", hash = "sha256:41353ec2ecedf7aa8f682753a41919f8718031a6edac46b8d3dc7ed9e1ceb136", size = 620610, upload-time = "2026-04-27T13:02:39.194Z" },
    { url = "https://files.pythonhosted.org/packages/2b/e0/2e13df68f367e2f9960616927d60857dd7e56aaadd59a47c644216b2f920/greenlet-3.5.0-cp312-cp312-manylinux_2_24_x86_64.manylinux_2_28_x86_64.whl", hash = "sha256:9d280a7f5c331622c69f97eb167f33577ff2d1df282c41cd15907fc0a3ca198c", size = 611388, upload-time = "2026-04-27T12:25:28.008Z" },
    { url = "https://files.pythonhosted.org/packages/ee/ef/f913b3c0eb7d26d86a2401c5e1546c9d46b657efee724b06f6f4ac5d8824/greenlet-3.5.0-cp312-cp312-manylinux_2_39_riscv64.whl", hash = "sha256:58c1c374fe2b3d852f9b6b11a7dff4c85404e51b9a596fd9e89cf904eb09866d", size = 422775, upload-time = "2026-04-27T13:05:14.261Z" },
    { url = "https://files.pythonhosted.org/packages/82/f7/393c64055132ac0d488ef6be549253b7e6274194863967ddc0bc8f5b87b8/greenlet-3.5.0-cp312-cp312-musllinux_1_2_aarch64.whl", hash = "sha256:1eb67d5adefb5bd2e182d42678a328979a209e4e82eb93575708185d31d1f588", size = 1570768, upload-time = "2026-04-27T12:53:28.099Z" },
    { url = "https://files.pythonhosted.org/packages/b8/4b/eaf7735253522cf56d1b74d672a58f54fc114702ceaf05def59aae72f6e1/greenlet-3.5.0-cp312-cp312-musllinux_1_2_x86_64.whl", hash = "sha256:2628d6c86f6cb0cb45e0c3c54058bbec559f57eaae699447748cb3928150577e", size = 1635983, upload-time = "2026-04-27T12:25:26.903Z" },
    { url = "https://files.pythonhosted.org/packages/4c/fe/4fb3a0805bd5165da5ebf858da7cc01cce8061674106d2cf5bdab32cbfde/greenlet-3.5.0-cp312-cp312-win_amd64.whl", hash = "sha256:d4d9f0624c775f2dfc56ba54d515a8c771044346852a918b405914f6b19d7fd8", size = 238840, upload-time = "2026-04-27T12:23:54.806Z" },
    { url = "https://files.pythonhosted.org/packages/cb/cb/baa584cb00532126ffe12d9787db0a60c5a4f55c27bfe2666df5d4c30a32/greenlet-3.5.0-cp312-cp312-win_arm64.whl", hash = "sha256:83ed9f27f1680b50e89f40f6df348a290ea234b249a4003d366663a12eab94f2", size = 235615, upload-time = "2026-04-27T12:21:38.57Z" },
]

[[package]]
name = "msgpack"
version = "1.1.2"
source = { registry = "https://pypi.org/simple" }
sdist = { url = "https://files.pythonhosted.org/packages/4d/f2/bfb55a6236ed8725a96b0aa3acbd0ec17588e6a2c3b62a93eb513ed8783f/msgpack-1.1.2.tar.gz", hash = "sha256:3b60763c1373dd60f398488069bcdc703cd08a711477b5d480eecc9f9626f47e", size = 173581, upload-time = "2025-10-08T09:15:56.596Z" }
wheels = [
    { url = "https://files.pythonhosted.org/packages/ad/bd/8b0d01c756203fbab65d265859749860682ccd2a59594609aeec3a144efa/msgpack-1.1.2-cp312-cp312-macosx_10_13_x86_64.whl", hash = "sha256:70a0dff9d1f8da25179ffcf880e10cf1aad55fdb63cd59c9a49a1b82290062aa", size = 81939, upload-time = "2025-10-08T09:15:01.472Z" },
    { url = "https://files.pythonhosted.org/packages/34/68/ba4f155f793a74c1483d4bdef136e1023f7bcba557f0db4ef3db3c665cf1/msgpack-1.1.2-cp312-cp312-macosx_11_0_arm64.whl", hash = "sha256:446abdd8b94b55c800ac34b102dffd2f6aa0ce643c55dfc017ad89347db3dbdb", size = 85064, upload-time = "2025-10-08T09:15:03.764Z" },
    { url = "https://files.pythonhosted.org/packages/f2/60/a064b0345fc36c4c3d2c743c82d9100c40388d77f0b48b2f04d6041dbec1/msgpack-1.1.2-cp312-cp312-manylinux2014_aarch64.manylinux_2_17_aarch64.manylinux_2_28_aarch64.whl", hash = "sha256:c63eea553c69ab05b6747901b97d620bb2a690633c77f23feb0c6a947a8a7b8f", size = 417131, upload-time = "2025-10-08T09:15:05.136Z" },
    { url = "https://files.pythonhosted.org/packages/65/92/a5100f7185a800a5d29f8d14041f61475b9de465ffcc0f3b9fba606e4505/msgpack-1.1.2-cp312-cp312-manylinux2014_x86_64.manylinux_2_17_x86_64.manylinux_2_28_x86_64.whl", hash = "sha256:372839311ccf6bdaf39b00b61288e0557916c3729529b301c52c2d88842add42", size = 427556, upload-time = "2025-10-08T09:15:06.837Z" },
    { url = "https://files.pythonhosted.org/packages/f5/87/ffe21d1bf7d9991354ad93949286f643b2bb6ddbeab66373922b44c3b8cc/msgpack-1.1.2-cp312-cp312-musllinux_1_2_aarch64.whl", hash = "sha256:2929af52106ca73fcb28576218476ffbb531a036c2adbcf54a3664de124303e9", size = 404920, upload-time = "2025-10-08T09:15:08.179Z" },
    { url = "https://files.pythonhosted.org/packages/ff/41/8543ed2b8604f7c0d89ce066f42007faac1eaa7d79a81555f206a5cdb889/msgpack-1.1.2-cp312-cp312-musllinux_1_2_x86_64.whl", hash = "sha256:be52a8fc79e45b0364210eef5234a7cf8d330836d0a64dfbb878efa903d84620", size = 415013, upload-time = "2025-10-08T09:15:09.83Z" },
    { url = "https://files.pythonhosted.org/packages/41/0d/2ddfaa8b7e1cee6c490d46cb0a39742b19e2481600a7a0e96537e9c22f43/msgpack-1.1.2-cp312-cp312-win32.whl", hash = "sha256:1fff3d825d7859ac888b0fbda39a42d59193543920eda9d9bea44d958a878029", size = 65096, upload-time = "2025-10-08T09:15:11.11Z" },
    { url = "https://files.pythonhosted.org/packages/8c/ec/d431eb7941fb55a31dd6ca3404d41fbb52d99172df2e7707754488390910/msgpack-1.1.2-cp312-cp312-win_amd64.whl", hash = "sha256:1de460f0403172cff81169a30b9a92b260cb809c4cb7e2fc79ae8d0510c78b6b", size = 72708, upload-time = "2025-10-08T09:15:12.554Z" },
    { url = "https://files.pythonhosted.org/packages/c5/31/5b1a1f70eb0e87d1678e9624908f86317787b536060641d6798e3cf70ace/msgpack-1.1.2-cp312-cp312-win_arm64.whl", hash = "sha256:be5980f3ee0e6bd44f3a9e9dea01054f175b50c3e6cdb692bc9424c0bbb8bf69", size = 64119, upload-time = "2025-10-08T09:15:13.589Z" },
]

[[package]]
name = "pip"
version = "26.1.1"
source = { registry = "https://pypi.org/simple" }
sdist = { url = "https://files.pythonhosted.org/packages/b6/48/cb9b7a682f6fe01a4221e1728941dd4ac3cd9090a17db3779d6ff490b602/pip-26.1.1.tar.gz", hash = "sha256:d36762751d156a4ee895de8af39aa0abeeeb577f93a2eca6ab62467bbf0f8a78", size = 1840400, upload-time = "2026-05-04T19:02:21.248Z" }
wheels = [
    { url = "https://files.pythonhosted.org/packages/3a/eb/fea4d1d51c49832120f7f285d07306db3960f423a2612c6057caf3e8196f/pip-26.1.1-py3-none-any.whl", hash = "sha256:99cb1c2899893b075ff56e4ed0af55669a955b49ad7fb8d8603ecdaf4ed653fb", size = 1812777, upload-time = "2026-05-04T19:02:18.9Z" },
]

[[package]]
name = "pynvim"
version = "0.6.0"
source = { registry = "https://pypi.org/simple" }
dependencies = [
    { name = "greenlet", marker = "platform_python_implementation != 'PyPy'" },
    { name = "msgpack" },
]
sdist = { url = "https://files.pythonhosted.org/packages/04/d7/c4412e6219661fd8689cdd9553988f8ea38c151067d70c49436977688aa9/pynvim-0.6.0.tar.gz", hash = "sha256:0ffcb879322d08f9e9061e1123dd58ba3a5ccfbd4999bb1157bac525822aa590", size = 51478, upload-time = "2025-09-07T18:35:37.601Z" }
wheels = [
    { url = "https://files.pythonhosted.org/packages/54/2d/c28b9293975ed9ee05e52f1d316cb402ba6edb232baa0497754a70182ca2/pynvim-0.6.0-py3-none-any.whl", hash = "sha256:29f92ff3fde9e52c263e6bfd7f30345be05bfc7b5c21484da1cc38a8d8e5e98f", size = 47633, upload-time = "2025-09-07T18:35:36.348Z" },
]

[[package]]
name = "ruff"
version = "0.15.13"
source = { registry = "https://pypi.org/simple" }
sdist = { url = "https://files.pythonhosted.org/packages/24/21/a7d5c126d5b557715ef81098f3db2fe20f622a039ff2e626af28d674ab80/ruff-0.15.13.tar.gz", hash = "sha256:f9d89f17f7ba7fb2ed42921f0df75da797a9a5d71bc39049e2c687cf2baf44b7", size = 4678180, upload-time = "2026-05-14T13:44:37.869Z" }
wheels = [
    { url = "https://files.pythonhosted.org/packages/c6/61/11d458dc6ac22504fd8e237b29dfd40504c7fbbcc8930402cfe51a8e63ed/ruff-0.15.13-py3-none-linux_armv6l.whl", hash = "sha256:444b580fc72fd6887e650acd3e575e18cdc79dbcf42fb4030b491057921f61f8", size = 10738279, upload-time = "2026-05-14T13:44:18.7Z" },
    { url = "https://files.pythonhosted.org/packages/86/ca/caa871ee7be718c45256fada4e16a218ee3e33f0c4a46b729a60a24912e6/ruff-0.15.13-py3-none-macosx_10_12_x86_64.whl", hash = "sha256:6590d009e7cb7ebf36f83dbdd44a3fa48a0994ff6f1cdc1b08006abe58f98dc7", size = 11124798, upload-time = "2026-05-14T13:44:06.427Z" },
    { url = "https://files.pythonhosted.org/packages/d3/19/43f5f2e568dddde567fc41f8471f9432c09563e19d3e617a48cfa52f8f0a/ruff-0.15.13-py3-none-macosx_11_0_arm64.whl", hash = "sha256:1c26d2f66163deeb6e08d8b39fbbe983ce3c71cea06a6d7591cfd1421793c629", size = 10460761, upload-time = "2026-05-14T13:44:04.375Z" },
    { url = "https://files.pythonhosted.org/packages/99/df/cf938cd6de3003178f03ad7c1ea2a6c099468c03a35037985070b37e76be/ruff-0.15.13-py3-none-manylinux_2_17_aarch64.manylinux2014_aarch64.whl", hash = "sha256:9dbd6f94b434f896308e4d57fb7bfde0d02b99f7a64b3bdab0fdfa6a864203a5", size = 10804451, upload-time = "2026-05-14T13:44:25.221Z" },
    { url = "https://files.pythonhosted.org/packages/c7/7d/5d0973129b154ded2225729169d7068f26b467760b146493fde138415f23/ruff-0.15.13-py3-none-manylinux_2_17_armv7l.manylinux2014_armv7l.whl", hash = "sha256:bf3259f3be4d181bda591da5db2571aed6853c6a048157756448020bc6c5cd22", size = 10534285, upload-time = "2026-05-14T13:44:08.888Z" },
    { url = "https://files.pythonhosted.org/packages/1f/e3/6b999bbc66cd51e5f073842bc2a3995e99c5e0e72e16b15e7261f7abf57a/ruff-0.15.13-py3-none-manylinux_2_17_i686.manylinux2014_i686.whl", hash = "sha256:ae9c17e5eb4430c154e76abc25d79a318190f5a997f38fb6b114416c5319ffc9", size = 11312063, upload-time = "2026-05-14T13:44:11.274Z" },
    { url = "https://files.pythonhosted.org/packages/af/5a/642639e9f5db04f1e97fbd6e091c6fd20725bdf072fb114d00eefb9e6eb8/ruff-0.15.13-py3-none-manylinux_2_17_ppc64le.manylinux2014_ppc64le.whl", hash = "sha256:2e2e39bff6c341f4b577a21b801326fab0b11847f48fcaa83f00a113c9b3cb55", size = 12183079, upload-time = "2026-05-14T13:44:01.634Z" },
    { url = "https://files.pythonhosted.org/packages/19/4c/7585735f6b53b0f12de13618b2f7d250a844f018822efc899df2e7b8295f/ruff-0.15.13-py3-none-manylinux_2_17_s390x.manylinux2014_s390x.whl", hash = "sha256:e8d9a8e08013542e94d3220bc5b62cc3e5ef87c5f74bff367d3fac14fab013e6", size = 11440833, upload-time = "2026-05-14T13:43:59.043Z" },
    { url = "https://files.pythonhosted.org/packages/e8/31/bf1a0803d077e679cfeee5f2f67290a0fa79c7385b5d9a8c17b9db2c48f0/ruff-0.15.13-py3-none-manylinux_2_17_x86_64.manylinux2014_x86_64.whl", hash = "sha256:cc411dfebe5eebe55ce041c6ae080eb7668955e866daa2fbb16692a784f1c4ca", size = 11434486, upload-time = "2026-05-14T13:44:27.761Z" },
    { url = "https://files.pythonhosted.org/packages/e1/4e/62c9b999875d4f14db80f277c030578f5e249c9852d65b7ac7ad0b43c041/ruff-0.15.13-py3-none-manylinux_2_31_riscv64.whl", hash = "sha256:768494eb08b9cee54e2fd27969966f74db5a57f6eaa7a90fcb3306af34dfc4bd", size = 11385189, upload-time = "2026-05-14T13:44:13.704Z" },
    { url = "https://files.pythonhosted.org/packages/fc/89/7e959047a104df3eb12863447c110140191fc5b6c4f379ea2e803fcdb0e4/ruff-0.15.13-py3-none-musllinux_1_2_aarch64.whl", hash = "sha256:fb75f9a3a7e42ffe117d734494e6c5e5cb3565d66e12612cb63d0e572a41a5b6", size = 10781380, upload-time = "2026-05-14T13:43:56.734Z" },
    { url = "https://files.pythonhosted.org/packages/ff/52/5fd18f3b88cab63e88aa11516b3b4e1e5f720e5c330f8dbe5c26210f41f8/ruff-0.15.13-py3-none-musllinux_1_2_armv7l.whl", hash = "sha256:8cb74dd33bb2f6613faf7fc03b660053b5ac4f80e706d5788c6335e2a8048d51", size = 10540605, upload-time = "2026-05-14T13:44:20.748Z" },
    { url = "https://files.pythonhosted.org/packages/e8/e0/9e35f338990d3e41a82875ff7053ffe97541dae81c9d02143177f381d572/ruff-0.15.13-py3-none-musllinux_1_2_i686.whl", hash = "sha256:7ef823f817fcd191dc934e984be9cf4094f808effa16f2542ad8e821ba02bbf2", size = 11036554, upload-time = "2026-05-14T13:44:16.256Z" },
    { url = "https://files.pythonhosted.org/packages/c2/13/070fb048c24080fba188f66371e2a92785be257ad02242066dc7255ac6e9/ruff-0.15.13-py3-none-musllinux_1_2_x86_64.whl", hash = "sha256:f345a13937bd7f09f6f5d19fa0721b0c103e00e7f62bc67089a8e5e037719e0b", size = 11528133, upload-time = "2026-05-14T13:44:22.808Z" },
    { url = "https://files.pythonhosted.org/packages/6b/8c/b1e1666aef7fc6555094d73ae6cd981701781ae85b97ceefc0eebd0b4668/ruff-0.15.13-py3-none-win32.whl", hash = "sha256:4044f94208b3b05ba0fc4a4abd0558cf4d6459bd18325eead7fd8cc66f909b41", size = 10721455, upload-time = "2026-05-14T13:44:35.697Z" },
    { url = "https://files.pythonhosted.org/packages/ab/a6/870a3e8a50590bb92be184ad928c2922f088b00d9dc5c5ec7b924ee08c22/ruff-0.15.13-py3-none-win_amd64.whl", hash = "sha256:7064884d442b7d477b4e7473d12da7f08851d2b1982763c5d3f388a19468a1a4", size = 11900409, upload-time = "2026-05-14T13:44:30.389Z" },
    { url = "https://files.pythonhosted.org/packages/9b/36/9c015cd052fca743dae8cb2aeb16b551444787467db42ceab0fc968865af/ruff-0.15.13-py3-none-win_arm64.whl", hash = "sha256:2471da9bd1068c8c064b5fd9c0c4b6dddffd6369cb1cd68b29993b1709ff1b21", size = 11179336, upload-time = "2026-05-14T13:44:33.026Z" },
]

[[package]]
name = "ty"
version = "0.0.37"
source = { registry = "https://pypi.org/simple" }
sdist = { url = "https://files.pythonhosted.org/packages/c7/c3/60bc4829e0c1a8ff80b592067e1185a7b5ea64608acb0c676c44d5137d52/ty-0.0.37.tar.gz", hash = "sha256:f873f69627bd7f4ef8d57f716c63e5c63d7d1b7327ab3de185c7287a75223011", size = 5655422, upload-time = "2026-05-16T05:57:21.315Z" }
wheels = [
    { url = "https://files.pythonhosted.org/packages/b8/fe/180dd6914f9db33ad0200fbeaa429dd1fb0a4e6d98320dc1775f100a91af/ty-0.0.37-py3-none-linux_armv6l.whl", hash = "sha256:66cf7310189856e15f690559ddf37735476d2644db917d92f7cef13e5c834adf", size = 11246028, upload-time = "2026-05-16T05:57:41.744Z" },
    { url = "https://files.pythonhosted.org/packages/ef/a2/fa0cfd31467ad99b2db8c81ee9e2b4574589974a3eb9723be825e15b300c/ty-0.0.37-py3-none-macosx_10_12_x86_64.whl", hash = "sha256:2048f3c44ee6c7dde6e0ca064f99c6cada8f6de8ccdcfad2d856a429f8a4ac82", size = 11001460, upload-time = "2026-05-16T05:57:35.27Z" },
    { url = "https://files.pythonhosted.org/packages/10/3f/db60ba9be8b95a464ece0ba103e534047c34b49fee12f5e101f83f8d66db/ty-0.0.37-py3-none-macosx_11_0_arm64.whl", hash = "sha256:32c7b9b5b626aacdec334b44a2698e5f7b80df55bf7338267084d00d4b9546b3", size = 10446549, upload-time = "2026-05-16T05:57:37.252Z" },
    { url = "https://files.pythonhosted.org/packages/56/6f/11dd7174b20ebcb37a3d3b68f60b3940e37e4356e0accd03e2d7f9f70690/ty-0.0.37-py3-none-manylinux_2_17_aarch64.manylinux2014_aarch64.whl", hash = "sha256:e9fba1bebccf1e656bc5e3787acc5a191c491041ee4d12fe8fe2eff64e7b190d", size = 10961016, upload-time = "2026-05-16T05:57:16.394Z" },
    { url = "https://files.pythonhosted.org/packages/65/dd/3c17ce2860c525817c42c82d7075391b1f5615d36c03aa2d26647a224e8a/ty-0.0.37-py3-none-manylinux_2_17_armv7l.manylinux2014_armv7l.whl", hash = "sha256:f987c5fb59aa5017ee8e8c5b57a07390f584e58e572255acd0fa44b3e0b238df", size = 11022093, upload-time = "2026-05-16T05:57:32.741Z" },
    { url = "https://files.pythonhosted.org/packages/d0/a8/e7a40b0b57660921dd3482d219add963973b52ae8507abd88f48439704b5/ty-0.0.37-py3-none-manylinux_2_17_i686.manylinux2014_i686.whl", hash = "sha256:f4168f53146e7a3f52560ff433f238352591c9b1a9ed09397fbb776ddef4f89c", size = 11486333, upload-time = "2026-05-16T05:57:18.839Z" },
    { url = "https://files.pythonhosted.org/packages/da/5f/2c406b98244bc1ad42afdd35f466bcef88664210957dcbb5172254ff2462/ty-0.0.37-py3-none-manylinux_2_17_ppc64le.manylinux2014_ppc64le.whl", hash = "sha256:11e487eafdb80a48223ce68a01f9287528216ffe0126d1629ff11e4f7c1dd3cf", size = 12093526, upload-time = "2026-05-16T05:57:04.456Z" },
    { url = "https://files.pythonhosted.org/packages/d3/3c/5c492a38e1b21a26370727dd4b77a53f05262e53e3be232047f22e7fa1b3/ty-0.0.37-py3-none-manylinux_2_17_s390x.manylinux2014_s390x.whl", hash = "sha256:9b49f388d063668676daaa7eef57385089d1b844279c0185bd84d4dbc3bcede6", size = 11725957, upload-time = "2026-05-16T05:57:23.356Z" },
    { url = "https://files.pythonhosted.org/packages/b2/00/8a3d9ba265cd0582342c14e4980cc0351aaaa45c6305712d398c9e2446c7/ty-0.0.37-py3-none-manylinux_2_17_x86_64.manylinux2014_x86_64.whl", hash = "sha256:1b96bfc1cc725d9d859abef4e3aa32a6da0f7472eaaafae2d9a6cffd729c7c61", size = 11610336, upload-time = "2026-05-16T05:57:27.888Z" },
    { url = "https://files.pythonhosted.org/packages/91/4b/6ee172935cb842f5c1553b0d37215b45e9dde05a4c74fdb47fd271907122/ty-0.0.37-py3-none-manylinux_2_31_riscv64.whl", hash = "sha256:c55f39b519107cf234b794718793e11793c055e89028a282a309f690def48117", size = 11797856, upload-time = "2026-05-16T05:57:11.109Z" },
    { url = "https://files.pythonhosted.org/packages/34/ef/75a7425bf9fe74483404ff11a8cbe3aa307354e0801697d6063384157776/ty-0.0.37-py3-none-musllinux_1_2_aarch64.whl", hash = "sha256:c79204350de060a077bff7f027a1d53e216cad147d826ec9862be0af2f9c3c1e", size = 10941848, upload-time = "2026-05-16T05:57:30.653Z" },
    { url = "https://files.pythonhosted.org/packages/e0/2c/7ea9dccd55961375067f99ed00fb8eabb491f6a06d0e5f09c797d2b900a6/ty-0.0.37-py3-none-musllinux_1_2_armv7l.whl", hash = "sha256:49a21b4dcb2cd94cd0298c96dfb71a2dd25f08bf7e6eefd0c33c519d058908c6", size = 11058248, upload-time = "2026-05-16T05:57:01.785Z" },
    { url = "https://files.pythonhosted.org/packages/98/d7/848fde96c6610b2b1fd75823d44d8977a4525c4397f27332f054ccd6cf9c/ty-0.0.37-py3-none-musllinux_1_2_i686.whl", hash = "sha256:119332095c5974fe1dabfe4fd00c6759eeec5b99f7d7a80b2833feee5a58abdb", size = 11168423, upload-time = "2026-05-16T05:57:39.297Z" },
    { url = "https://files.pythonhosted.org/packages/29/11/c1613ac4b64357b9067df68bac97bcb458cc426cd468a2782847238c539b/ty-0.0.37-py3-none-musllinux_1_2_x86_64.whl", hash = "sha256:ac5dc593675414f68862c2f71cc04912b0e5ec5520a9c49fc71ed79205b95c33", size = 11698565, upload-time = "2026-05-16T05:57:14.206Z" },
    { url = "https://files.pythonhosted.org/packages/5f/ac/961205863903881996adb5a6f9cfe570c132882922ac226540346f15df20/ty-0.0.37-py3-none-win32.whl", hash = "sha256:33b57e4095179f06c2ae01c334833645cad94bf7d7467e073cdc3aaabea565d3", size = 10518308, upload-time = "2026-05-16T05:57:25.824Z" },
    { url = "https://files.pythonhosted.org/packages/39/cd/f308edd0cd86e402fe3a1b5c54e0a0dfa0177d80c1557c4849510bb2a147/ty-0.0.37-py3-none-win_amd64.whl", hash = "sha256:3b159351e99cf6eed7aacfb69ae8437725d15599ac4f21c8b2e909b300498b6c", size = 11607159, upload-time = "2026-05-16T05:57:06.76Z" },
    { url = "https://files.pythonhosted.org/packages/1a/ed/5ec4b501479bc5dad55467e2fe72e797cb9c178468c0d1a514536872ebc5/ty-0.0.37-py3-none-win_arm64.whl", hash = "sha256:6c3c2b997f68c71e14242b96d48cba3c086439556af02bb4613aa458950d5c23", size = 10958817, upload-time = "2026-05-16T05:57:08.907Z" },
]

[[package]]
name = "vim"
version = "0.1.0"
source = { virtual = "." }
dependencies = [
    { name = "pip" },
    { name = "pynvim" },
]

[package.dev-dependencies]
dev = [
    { name = "ruff" },
    { name = "ty" },
]

[package.metadata]
requires-dist = [
    { name = "pip", specifier = ">=25.1.1" },
    { name = "pynvim", specifier = ">=0.5.2" },
]

[package.metadata.requires-dev]
dev = [
    { name = "ruff", specifier = ">=0.15.13" },
    { name = "ty", specifier = ">=0.0.37" },
]
